
Microsoft Visual Studio Solution File, Format Version 12.00
# Visual Studio Version 17
VisualStudioVersion = 17.11.35303.130
MinimumVisualStudioVersion = 10.0.40219.1
Project("{9A19103F-16F7-4668-BE54-9A1E7A4F7556}") = "ElasticsearchSample", "ElasticsearchSample\ElasticsearchSample.csproj", "{7E9510EA-43EA-4262-9203-547C37D89ABC}"
EndProject
Project("{2150E333-8FDC-42A3-9474-1A3956D46DE8}") = "dev", "dev", "{5C2CF232-B4AF-4377-949C-BE651B19CA7E}"
	ProjectSection(SolutionItems) = preProject
		.env = .env
		docker-compose-dev.yaml = docker-compose-dev.yaml
	EndProjectSection
EndProject
Global
	GlobalSection(SolutionConfigurationPlatforms) = preSolution
		Debug|Any CPU = Debug|Any CPU
		Release|Any CPU = Release|Any CPU
	EndGlobalSection
	GlobalSection(ProjectConfigurationPlatforms) = postSolution
		{7E9510EA-43EA-4262-9203-547C37D89ABC}.Debug|Any CPU.ActiveCfg = Debug|Any CPU
		{7E9510EA-43EA-4262-9203-547C37D89ABC}.Debug|Any CPU.Build.0 = Debug|Any CPU
		{7E9510EA-43EA-4262-9203-547C37D89ABC}.Release|Any CPU.ActiveCfg = Release|Any CPU
		{7E9510EA-43EA-4262-9203-547C37D89ABC}.Release|Any CPU.Build.0 = Release|Any CPU
	EndGlobalSection
	GlobalSection(SolutionProperties) = preSolution
		HideSolutionNode = FALSE
	EndGlobalSection
	GlobalSection(ExtensibilityGlobals) = postSolution
		SolutionGuid = {F5F13910-EABC-4DB1-B2D5-FF25E8054DB6}
	EndGlobalSection
EndGlobal
